
Microsoft Visual Studio Solution File, Format Version 10.00
# Visual Studio 2008
Project("{FAE04EC0-301F-11D3-BF4B-00C04F79EFBC}") = "InteractingMeshes", "InteractingMeshes.csproj", "{4AAE6782-C790-4060-B321-F90E17387172}"
EndProject
Global
	GlobalSection(SolutionConfigurationPlatforms) = preSolution
		Debug|Any CPU = Debug|Any CPU
		Release|Any CPU = Release|Any CPU
	EndGlobalSection
	GlobalSection(ProjectConfigurationPlatforms) = postSolution
		{4AAE6782-C790-4060-B321-F90E17387172}.Debug|Any CPU.ActiveCfg = Debug|Any CPU
		{4AAE6782-C790-4060-B321-F90E17387172}.Debug|Any CPU.Build.0 = Debug|Any CPU
		{4AAE6782-C790-4060-B321-F90E17387172}.Release|Any CPU.ActiveCfg = Release|Any CPU
		{4AAE6782-C790-4060-B321-F90E17387172}.Release|Any CPU.Build.0 = Release|Any CPU
	EndGlobalSection
	GlobalSection(SolutionProperties) = preSolution
		HideSolutionNode = FALSE
	EndGlobalSection
EndGlobal
